
Microsoft Visual Studio Solution File, Format Version 12.00
# Visual Studio Version 17
VisualStudioVersion = 17.9.34607.119
MinimumVisualStudioVersion = 10.0.40219.1
Project("{FAE04EC0-301F-11D3-BF4B-00C04F79EFBC}") = "Blazor8ServerLab1", "Blazor8ServerLab1\Blazor8ServerLab1.csproj", "{0715268D-D64C-43AC-A5F6-58D484E02775}"
EndProject
Project("{2150E333-8FDC-42A3-9474-1A3956D46DE8}") = "方案項目", "方案項目", "{0C73535F-9165-48AB-ADA5-B80F0FDB0EC5}"
	ProjectSection(SolutionItems) = preProject
		README.md = README.md
	EndProjectSection
EndProject
Global
	GlobalSection(SolutionConfigurationPlatforms) = preSolution
		Debug|Any CPU = Debug|Any CPU
		Release|Any CPU = Release|Any CPU
	EndGlobalSection
	GlobalSection(ProjectConfigurationPlatforms) = postSolution
		{0715268D-D64C-43AC-A5F6-58D484E02775}.Debug|Any CPU.ActiveCfg = Debug|Any CPU
		{0715268D-D64C-43AC-A5F6-58D484E02775}.Debug|Any CPU.Build.0 = Debug|Any CPU
		{0715268D-D64C-43AC-A5F6-58D484E02775}.Release|Any CPU.ActiveCfg = Release|Any CPU
		{0715268D-D64C-43AC-A5F6-58D484E02775}.Release|Any CPU.Build.0 = Release|Any CPU
	EndGlobalSection
	GlobalSection(SolutionProperties) = preSolution
		HideSolutionNode = FALSE
	EndGlobalSection
	GlobalSection(ExtensibilityGlobals) = postSolution
		SolutionGuid = {17FA1B6E-B080-4DAD-BB51-C97FBA2B310C}
	EndGlobalSection
EndGlobal
